// !$*UTF8*$!
{
	archiveVersion = 1;
	classes = {
	};
	objectVersion = 48;
	objects = {

/* Begin PBXBuildFile section */
		ABD49268202E81CB0051BD66 /* AppDelegate.swift in Sources */ = {isa = PBXBuildFile; fileRef = ABD49267202E81CB0051BD66 /* AppDelegate.swift */; };
		ABD4926A202E81CB0051BD66 /* ViewController.swift in Sources */ = {isa = PBXBuildFile; fileRef = ABD49269202E81CB0051BD66 /* ViewController.swift */; };
		ABD4926D202E81CB0051BD66 /* Main.storyboard in Resources */ = {isa = PBXBuildFile; fileRef = ABD4926B202E81CB0051BD66 /* Main.storyboard */; };
		ABD4926F202E81CB0051BD66 /* Assets.xcassets in Resources */ = {isa = PBXBuildFile; fileRef = ABD4926E202E81CB0051BD66 /* Assets.xcassets */; };
		ABD49272202E81CB0051BD66 /* LaunchScreen.storyboard in Resources */ = {isa = PBXBuildFile; fileRef = ABD49270202E81CB0051BD66 /* LaunchScreen.storyboard */; };
		ABD4927D202E836C0051BD66 /* Realm.framework in Frameworks */ = {isa = PBXBuildFile; fileRef = ABD4927B202E836C0051BD66 /* Realm.framework */; };
		ABD4927E202E836C0051BD66 /* RealmSwift.framework in Frameworks */ = {isa = PBXBuildFile; fileRef = ABD4927C202E836C0051BD66 /* RealmSwift.framework */; };
		ABD49280202E839F0051BD66 /* Person.swift in Sources */ = {isa = PBXBuildFile; fileRef = ABD4927F202E839F0051BD66 /* Person.swift */; };
		ABD49282202E84A70051BD66 /* QueryType.swift in Sources */ = {isa = PBXBuildFile; fileRef = ABD49281202E84A70051BD66 /* QueryType.swift */; };
		ABD49286202E85890051BD66 /* NSPredicate+Compound.swift in Sources */ = {isa = PBXBuildFile; fileRef = ABD49283202E85890051BD66 /* NSPredicate+Compound.swift */; };
		ABD49287202E85890051BD66 /* NSPredicate+Initializers.swift in Sources */ = {isa = PBXBuildFile; fileRef = ABD49284202E85890051BD66 /* NSPredicate+Initializers.swift */; };
		ABD49288202E85890051BD66 /* Realm+Extensions.swift in Sources */ = {isa = PBXBuildFile; fileRef = ABD49285202E85890051BD66 /* Realm+Extensions.swift */; };
		ABD4928A202E85A50051BD66 /* RealmProperty.swift in Sources */ = {isa = PBXBuildFile; fileRef = ABD49289202E85A50051BD66 /* RealmProperty.swift */; };
/* End PBXBuildFile section */

/* Begin PBXFileReference section */
		ABD49264202E81CB0051BD66 /* RealmSample.app */ = {isa = PBXFileReference; explicitFileType = wrapper.application; includeInIndex = 0; path = RealmSample.app; sourceTree = BUILT_PRODUCTS_DIR; };
		ABD49267202E81CB0051BD66 /* AppDelegate.swift */ = {isa = PBXFileReference; lastKnownFileType = sourcecode.swift; path = AppDelegate.swift; sourceTree = "<group>"; };
		ABD49269202E81CB0051BD66 /* ViewController.swift */ = {isa = PBXFileReference; lastKnownFileType = sourcecode.swift; path = ViewController.swift; sourceTree = "<group>"; };
		ABD4926C202E81CB0051BD66 /* Base */ = {isa = PBXFileReference; lastKnownFileType = file.storyboard; name = Base; path = Base.lproj/Main.storyboard; sourceTree = "<group>"; };
		ABD4926E202E81CB0051BD66 /* Assets.xcassets */ = {isa = PBXFileReference; lastKnownFileType = folder.assetcatalog; path = Assets.xcassets; sourceTree = "<group>"; };
		ABD49271202E81CB0051BD66 /* Base */ = {isa = PBXFileReference; lastKnownFileType = file.storyboard; name = Base; path = Base.lproj/LaunchScreen.storyboard; sourceTree = "<group>"; };
		ABD49273202E81CB0051BD66 /* Info.plist */ = {isa = PBXFileReference; lastKnownFileType = text.plist.xml; path = Info.plist; sourceTree = "<group>"; };
		ABD4927B202E836C0051BD66 /* Realm.framework */ = {isa = PBXFileReference; lastKnownFileType = wrapper.framework; name = Realm.framework; path = Carthage/Build/iOS/Realm.framework; sourceTree = "<group>"; };
		ABD4927C202E836C0051BD66 /* RealmSwift.framework */ = {isa = PBXFileReference; lastKnownFileType = wrapper.framework; name = RealmSwift.framework; path = Carthage/Build/iOS/RealmSwift.framework; sourceTree = "<group>"; };
		ABD4927F202E839F0051BD66 /* Person.swift */ = {isa = PBXFileReference; lastKnownFileType = sourcecode.swift; path = Person.swift; sourceTree = "<group>"; };
		ABD49281202E84A70051BD66 /* QueryType.swift */ = {isa = PBXFileReference; lastKnownFileType = sourcecode.swift; path = QueryType.swift; sourceTree = "<group>"; };
		ABD49283202E85890051BD66 /* NSPredicate+Compound.swift */ = {isa = PBXFileReference; fileEncoding = 4; lastKnownFileType = sourcecode.swift; path = "NSPredicate+Compound.swift"; sourceTree = "<group>"; };
		ABD49284202E85890051BD66 /* NSPredicate+Initializers.swift */ = {isa = PBXFileReference; fileEncoding = 4; lastKnownFileType = sourcecode.swift; path = "NSPredicate+Initializers.swift"; sourceTree = "<group>"; };
		ABD49285202E85890051BD66 /* Realm+Extensions.swift */ = {isa = PBXFileReference; fileEncoding = 4; lastKnownFileType = sourcecode.swift; path = "Realm+Extensions.swift"; sourceTree = "<group>"; };
		ABD49289202E85A50051BD66 /* RealmProperty.swift */ = {isa = PBXFileReference; fileEncoding = 4; lastKnownFileType = sourcecode.swift; path = RealmProperty.swift; sourceTree = "<group>"; };
/* End PBXFileReference section */

/* Begin PBXFrameworksBuildPhase section */
		ABD49261202E81CB0051BD66 /* Frameworks */ = {
			isa = PBXFrameworksBuildPhase;
			buildActionMask = 2147483647;
			files = (
				ABD4927D202E836C0051BD66 /* Realm.framework in Frameworks */,
				ABD4927E202E836C0051BD66 /* RealmSwift.framework in Frameworks */,
			);
			runOnlyForDeploymentPostprocessing = 0;
		};
/* End PBXFrameworksBuildPhase section */

/* Begin PBXGroup section */
		ABD4925B202E81CB0051BD66 = {
			isa = PBXGroup;
			children = (
				ABD49266202E81CB0051BD66 /* RealmSample */,
				ABD49265202E81CB0051BD66 /* Products */,
				ABD4927A202E836C0051BD66 /* Frameworks */,
			);
			sourceTree = "<group>";
		};
		ABD49265202E81CB0051BD66 /* Products */ = {
			isa = PBXGroup;
			children = (
				ABD49264202E81CB0051BD66 /* RealmSample.app */,
			);
			name = Products;
			sourceTree = "<group>";
		};
		ABD49266202E81CB0051BD66 /* RealmSample */ = {
			isa = PBXGroup;
			children = (
				ABD49283202E85890051BD66 /* NSPredicate+Compound.swift */,
				ABD49284202E85890051BD66 /* NSPredicate+Initializers.swift */,
				ABD49285202E85890051BD66 /* Realm+Extensions.swift */,
				ABD49289202E85A50051BD66 /* RealmProperty.swift */,
				ABD49267202E81CB0051BD66 /* AppDelegate.swift */,
				ABD49269202E81CB0051BD66 /* ViewController.swift */,
				ABD4926B202E81CB0051BD66 /* Main.storyboard */,
				ABD4926E202E81CB0051BD66 /* Assets.xcassets */,
				ABD49270202E81CB0051BD66 /* LaunchScreen.storyboard */,
				ABD49273202E81CB0051BD66 /* Info.plist */,
				ABD4927F202E839F0051BD66 /* Person.swift */,
				ABD49281202E84A70051BD66 /* QueryType.swift */,
			);
			path = RealmSample;
			sourceTree = "<group>";
		};
		ABD4927A202E836C0051BD66 /* Frameworks */ = {
			isa = PBXGroup;
			children = (
				ABD4927B202E836C0051BD66 /* Realm.framework */,
				ABD4927C202E836C0051BD66 /* RealmSwift.framework */,
			);
			name = Frameworks;
			sourceTree = "<group>";
		};
/* End PBXGroup section */

/* Begin PBXNativeTarget section */
		ABD49263202E81CB0051BD66 /* RealmSample */ = {
			isa = PBXNativeTarget;
			buildConfigurationList = ABD49276202E81CB0051BD66 /* Build configuration list for PBXNativeTarget "RealmSample" */;
			buildPhases = (
				ABD49260202E81CB0051BD66 /* Sources */,
				ABD49261202E81CB0051BD66 /* Frameworks */,
				ABD49262202E81CB0051BD66 /* Resources */,
				ABD49279202E83040051BD66 /* ShellScript */,
			);
			buildRules = (
			);
			dependencies = (
			);
			name = RealmSample;
			productName = RealmSample;
			productReference = ABD49264202E81CB0051BD66 /* RealmSample.app */;
			productType = "com.apple.product-type.application";
		};
/* End PBXNativeTarget section */

/* Begin PBXProject section */
		ABD4925C202E81CB0051BD66 /* Project object */ = {
			isa = PBXProject;
			attributes = {
				LastSwiftUpdateCheck = 0920;
				LastUpgradeCheck = 0920;
				ORGANIZATIONNAME = sztk;
				TargetAttributes = {
					ABD49263202E81CB0051BD66 = {
						CreatedOnToolsVersion = 9.2;
						ProvisioningStyle = Automatic;
					};
				};
			};
			buildConfigurationList = ABD4925F202E81CB0051BD66 /* Build configuration list for PBXProject "RealmSample" */;
			compatibilityVersion = "Xcode 8.0";
			developmentRegion = en;
			hasScannedForEncodings = 0;
			knownRegions = (
				en,
				Base,
			);
			mainGroup = ABD4925B202E81CB0051BD66;
			productRefGroup = ABD49265202E81CB0051BD66 /* Products */;
			projectDirPath = "";
			projectRoot = "";
			targets = (
				ABD49263202E81CB0051BD66 /* RealmSample */,
			);
		};
/* End PBXProject section */

/* Begin PBXResourcesBuildPhase section */
		ABD49262202E81CB0051BD66 /* Resources */ = {
			isa = PBXResourcesBuildPhase;
			buildActionMask = 2147483647;
			files = (
				ABD49272202E81CB0051BD66 /* LaunchScreen.storyboard in Resources */,
				ABD4926F202E81CB0051BD66 /* Assets.xcassets in Resources */,
				ABD4926D202E81CB0051BD66 /* Main.storyboard in Resources */,
			);
			runOnlyForDeploymentPostprocessing = 0;
		};
/* End PBXResourcesBuildPhase section */

/* Begin PBXShellScriptBuildPhase section */
		ABD49279202E83040051BD66 /* ShellScript */ = {
			isa = PBXShellScriptBuildPhase;
			buildActionMask = 2147483647;
			files = (
			);
			inputPaths = (
				"$(SRCROOT)/Carthage/Build/iOS/Realm.framework",
				"$(SRCROOT)/Carthage/Build/iOS/RealmSwift.framework",
			);
			outputPaths = (
			);
			runOnlyForDeploymentPostprocessing = 0;
			shellPath = /bin/sh;
			shellScript = "/usr/local/bin/carthage copy-frameworks";
		};
/* End PBXShellScriptBuildPhase section */

/* Begin PBXSourcesBuildPhase section */
		ABD49260202E81CB0051BD66 /* Sources */ = {
			isa = PBXSourcesBuildPhase;
			buildActionMask = 2147483647;
			files = (
				ABD49280202E839F0051BD66 /* Person.swift in Sources */,
				ABD49287202E85890051BD66 /* NSPredicate+Initializers.swift in Sources */,
				ABD4926A202E81CB0051BD66 /* ViewController.swift in Sources */,
				ABD49282202E84A70051BD66 /* QueryType.swift in Sources */,
				ABD4928A202E85A50051BD66 /* RealmProperty.swift in Sources */,
				ABD49288202E85890051BD66 /* Realm+Extensions.swift in Sources */,
				ABD49268202E81CB0051BD66 /* AppDelegate.swift in Sources */,
				ABD49286202E85890051BD66 /* NSPredicate+Compound.swift in Sources */,
			);
			runOnlyForDeploymentPostprocessing = 0;
		};
/* End PBXSourcesBuildPhase section */

/* Begin PBXVariantGroup section */
		ABD4926B202E81CB0051BD66 /* Main.storyboard */ = {
			isa = PBXVariantGroup;
			children = (
				ABD4926C202E81CB0051BD66 /* Base */,
			);
			name = Main.storyboard;
			sourceTree = "<group>";
		};
		ABD49270202E81CB0051BD66 /* LaunchScreen.storyboard */ = {
			isa = PBXVariantGroup;
			children = (
				ABD49271202E81CB0051BD66 /* Base */,
			);
			name = LaunchScreen.storyboard;
			sourceTree = "<group>";
		};
/* End PBXVariantGroup section */

/* Begin XCBuildConfiguration section */
		ABD49274202E81CB0051BD66 /* Debug */ = {
			isa = XCBuildConfiguration;
			buildSettings = {
				ALWAYS_SEARCH_USER_PATHS = NO;
				CLANG_ANALYZER_NONNULL = YES;
				CLANG_ANALYZER_NUMBER_OBJECT_CONVERSION = YES_AGGRESSIVE;
				CLANG_CXX_LANGUAGE_STANDARD = "gnu++14";
				CLANG_CXX_LIBRARY = "libc++";
				CLANG_ENABLE_MODULES = YES;
				CLANG_ENABLE_OBJC_ARC = YES;
				CLANG_WARN_BLOCK_CAPTURE_AUTORELEASING = YES;
				CLANG_WARN_BOOL_CONVERSION = YES;
				CLANG_WARN_COMMA = YES;
				CLANG_WARN_CONSTANT_CONVERSION = YES;
				CLANG_WARN_DIRECT_OBJC_ISA_USAGE = YES_ERROR;
				CLANG_WARN_DOCUMENTATION_COMMENTS = YES;
				CLANG_WARN_EMPTY_BODY = YES;
				CLANG_WARN_ENUM_CONVERSION = YES;
				CLANG_WARN_INFINITE_RECURSION = YES;
				CLANG_WARN_INT_CONVERSION = YES;
				CLANG_WARN_NON_LITERAL_NULL_CONVERSION = YES;
				CLANG_WARN_OBJC_LITERAL_CONVERSION = YES;
				CLANG_WARN_OBJC_ROOT_CLASS = YES_ERROR;
				CLANG_WARN_RANGE_LOOP_ANALYSIS = YES;
				CLANG_WARN_STRICT_PROTOTYPES = YES;
				CLANG_WARN_SUSPICIOUS_MOVE = YES;
				CLANG_WARN_UNGUARDED_AVAILABILITY = YES_AGGRESSIVE;
				CLANG_WARN_UNREACHABLE_CODE = YES;
				CLANG_WARN__DUPLICATE_METHOD_MATCH = YES;
				CODE_SIGN_IDENTITY = "iPhone Developer";
				COPY_PHASE_STRIP = NO;
				DEBUG_INFORMATION_FORMAT = dwarf;
				ENABLE_STRICT_OBJC_MSGSEND = YES;
				ENABLE_TESTABILITY = YES;
				GCC_C_LANGUAGE_STANDARD = gnu11;
				GCC_DYNAMIC_NO_PIC = NO;
				GCC_NO_COMMON_BLOCKS = YES;
				GCC_OPTIMIZATION_LEVEL = 0;
				GCC_PREPROCESSOR_DEFINITIONS = (
					"DEBUG=1",
					"$(inherited)",
				);
				GCC_WARN_64_TO_32_BIT_CONVERSION = YES;
				GCC_WARN_ABOUT_RETURN_TYPE = YES_ERROR;
				GCC_WARN_UNDECLARED_SELECTOR = YES;
				GCC_WARN_UNINITIALIZED_AUTOS = YES_AGGRESSIVE;
				GCC_WARN_UNUSED_FUNCTION = YES;
				GCC_WARN_UNUSED_VARIABLE = YES;
				IPHONEOS_DEPLOYMENT_TARGET = 11.2;
				MTL_ENABLE_DEBUG_INFO = YES;
				ONLY_ACTIVE_ARCH = YES;
				SDKROOT = iphoneos;
				SWIFT_ACTIVE_COMPILATION_CONDITIONS = DEBUG;
				SWIFT_OPTIMIZATION_LEVEL = "-Onone";
			};
			name = Debug;
		};
		ABD49275202E81CB0051BD66 /* Release */ = {
			isa = XCBuildConfiguration;
			buildSettings = {
				ALWAYS_SEARCH_USER_PATHS = NO;
				CLANG_ANALYZER_NONNULL = YES;
				CLANG_ANALYZER_NUMBER_OBJECT_CONVERSION = YES_AGGRESSIVE;
				CLANG_CXX_LANGUAGE_STANDARD = "gnu++14";
				CLANG_CXX_LIBRARY = "libc++";
				CLANG_ENABLE_MODULES = YES;
				CLANG_ENABLE_OBJC_ARC = YES;
				CLANG_WARN_BLOCK_CAPTURE_AUTORELEASING = YES;
				CLANG_WARN_BOOL_CONVERSION = YES;
				CLANG_WARN_COMMA = YES;
				CLANG_WARN_CONSTANT_CONVERSION = YES;
				CLANG_WARN_DIRECT_OBJC_ISA_USAGE = YES_ERROR;
				CLANG_WARN_DOCUMENTATION_COMMENTS = YES;
				CLANG_WARN_EMPTY_BODY = YES;
				CLANG_WARN_ENUM_CONVERSION = YES;
				CLANG_WARN_INFINITE_RECURSION = YES;
				CLANG_WARN_INT_CONVERSION = YES;
				CLANG_WARN_NON_LITERAL_NULL_CONVERSION = YES;
				CLANG_WARN_OBJC_LITERAL_CONVERSION = YES;
				CLANG_WARN_OBJC_ROOT_CLASS = YES_ERROR;
				CLANG_WARN_RANGE_LOOP_ANALYSIS = YES;
				CLANG_WARN_STRICT_PROTOTYPES = YES;
				CLANG_WARN_SUSPICIOUS_MOVE = YES;
				CLANG_WARN_UNGUARDED_AVAILABILITY = YES_AGGRESSIVE;
				CLANG_WARN_UNREACHABLE_CODE = YES;
				CLANG_WARN__DUPLICATE_METHOD_MATCH = YES;
				CODE_SIGN_IDENTITY = "iPhone Developer";
				COPY_PHASE_STRIP = NO;
				DEBUG_INFORMATION_FORMAT = "dwarf-with-dsym";
				ENABLE_NS_ASSERTIONS = NO;
				ENABLE_STRICT_OBJC_MSGSEND = YES;
				GCC_C_LANGUAGE_STANDARD = gnu11;
				GCC_NO_COMMON_BLOCKS = YES;
				GCC_WARN_64_TO_32_BIT_CONVERSION = YES;
				GCC_WARN_ABOUT_RETURN_TYPE = YES_ERROR;
				GCC_WARN_UNDECLARED_SELECTOR = YES;
				GCC_WARN_UNINITIALIZED_AUTOS = YES_AGGRESSIVE;
				GCC_WARN_UNUSED_FUNCTION = YES;
				GCC_WARN_UNUSED_VARIABLE = YES;
				IPHONEOS_DEPLOYMENT_TARGET = 11.2;
				MTL_ENABLE_DEBUG_INFO = NO;
				SDKROOT = iphoneos;
				SWIFT_OPTIMIZATION_LEVEL = "-Owholemodule";
				VALIDATE_PRODUCT = YES;
			};
			name = Release;
		};
		ABD49277202E81CB0051BD66 /* Debug */ = {
			isa = XCBuildConfiguration;
			buildSettings = {
				ASSETCATALOG_COMPILER_APPICON_NAME = AppIcon;
				CODE_SIGN_STYLE = Automatic;
				DEVELOPMENT_TEAM = DQCWCUF4A4;
				FRAMEWORK_SEARCH_PATHS = (
					"$(inherited)",
					"$(PROJECT_DIR)/Carthage/Build/iOS",
				);
				INFOPLIST_FILE = RealmSample/Info.plist;
				LD_RUNPATH_SEARCH_PATHS = "$(inherited) @executable_path/Frameworks";
				PRODUCT_BUNDLE_IDENTIFIER = sztk.sample.RealmSample;
				PRODUCT_NAME = "$(TARGET_NAME)";
				SWIFT_VERSION = 4.0;
				TARGETED_DEVICE_FAMILY = "1,2";
			};
			name = Debug;
		};
		ABD49278202E81CB0051BD66 /* Release */ = {
			isa = XCBuildConfiguration;
			buildSettings = {
				ASSETCATALOG_COMPILER_APPICON_NAME = AppIcon;
				CODE_SIGN_STYLE = Automatic;
				DEVELOPMENT_TEAM = DQCWCUF4A4;
				FRAMEWORK_SEARCH_PATHS = (
					"$(inherited)",
					"$(PROJECT_DIR)/Carthage/Build/iOS",
				);
				INFOPLIST_FILE = RealmSample/Info.plist;
				LD_RUNPATH_SEARCH_PATHS = "$(inherited) @executable_path/Frameworks";
				PRODUCT_BUNDLE_IDENTIFIER = sztk.sample.RealmSample;
				PRODUCT_NAME = "$(TARGET_NAME)";
				SWIFT_VERSION = 4.0;
				TARGETED_DEVICE_FAMILY = "1,2";
			};
			name = Release;
		};
/* End XCBuildConfiguration section */

/* Begin XCConfigurationList section */
		ABD4925F202E81CB0051BD66 /* Build configuration list for PBXProject "RealmSample" */ = {
			isa = XCConfigurationList;
			buildConfigurations = (
				ABD49274202E81CB0051BD66 /* Debug */,
				ABD49275202E81CB0051BD66 /* Release */,
			);
			defaultConfigurationIsVisible = 0;
			defaultConfigurationName = Release;
		};
		ABD49276202E81CB0051BD66 /* Build configuration list for PBXNativeTarget "RealmSample" */ = {
			isa = XCConfigurationList;
			buildConfigurations = (
				ABD49277202E81CB0051BD66 /* Debug */,
				ABD49278202E81CB0051BD66 /* Release */,
			);
			defaultConfigurationIsVisible = 0;
			defaultConfigurationName = Release;
		};
/* End XCConfigurationList section */
	};
	rootObject = ABD4925C202E81CB0051BD66 /* Project object */;
}
